{
  "version": 4,
  "terraform_version": "1.14.8",
  "serial": 3,
  "lineage": "05542185-eb6e-67af-db73-3cd0cc09b270",
  "outputs": {},
  "resources": [
    {
      "module": "module.ansible",
      "mode": "managed",
      "type": "null_resource",
      "name": "provision",
      "provider": "provider[\"registry.terraform.io/hashicorp/null\"]",
      "instances": [
        {
          "schema_version": 0,
          "attributes": {
            "id": "1470946966294189484",
            "triggers": {
              "container_id": "10050"
            }
          },
          "sensitive_attributes": [],
          "identity_schema_version": 0,
          "dependencies": [
            "module.ansible.proxmox_virtual_environment_container.this"
          ]
        }
      ]
    },
    {
      "module": "module.ansible",
      "mode": "managed",
      "type": "proxmox_virtual_environment_container",
      "name": "this",
      "provider": "provider[\"registry.terraform.io/bpg/proxmox\"]",
      "instances": [
        {
          "schema_version": 0,
          "attributes": {
            "clone": [],
            "console": [],
            "cpu": [
              {
                "architecture": "amd64",
                "cores": 2,
                "units": 1024
              }
            ],
            "description": "",
            "device_passthrough": [],
            "disk": [
              {
                "acl": false,
                "datastore_id": "local-lvm",
                "mount_options": null,
                "path_in_datastore": "local-lvm:vm-10050-disk-0",
                "quota": false,
                "replicate": false,
                "size": 40
              }
            ],
            "environment_variables": null,
            "features": [
              {
                "fuse": false,
                "keyctl": false,
                "mount": null,
                "nesting": true
              }
            ],
            "hook_script_file_id": null,
            "id": "10050",
            "idmap": [],
            "initialization": [
              {
                "dns": [],
                "entrypoint": "",
                "hostname": "ansible",
                "ip_config": [
                  {
                    "ipv4": [
                      {
                        "address": "192.168.10.50/23",
                        "gateway": "192.168.10.1"
                      }
                    ],
                    "ipv6": []
                  }
                ],
                "user_account": [
                  {
                    "keys": [
                      "ssh-rsa AAAAB3NzaC1yc2EAAAADAQABAAABgQCsfZE00IImRkErluhxTx+5yfQ+eyxAPOJ2LAJrSQB2cR/9+eEegV7SRMQq762QuDXRBqrdH8sNsLDxZvoLd0xEwRePbLR1FTRPdpaaFqwnwqEZaJpdFJbUCDNblVwXuLx+urK1q8zG3rzR9dyC/pdKeDCpCRHs2CrcT72JAZ5pAtEDjbBEK6u33X5s2JE4QPYXO7RRG2LqSRBbI+4fqYwtmq0lM6GQvBt5DFQOjOeWTYIrVmpdd08E74svkVqqYaTaCWtSaZlYPt1aeFEIRL/co2mdgmveFwCDUynHXozFKIQ71HcjEdB+TCJV/nuI1dQuzjcio/nNn1WG1F+w0PsljkV1SAE09kgWXejDXO4M9tKIww3hjPMcMwPeqcxjs2EPIthyyMYq5UayatmTlNQ+Jps4APJ7cIJHIKW5+QTZsSJmsW4hD5EpjsUfHT+YCIYxcXOKXiIOu6ApMvTapOq+Gn5GfP39zszgWG4K/9hqxs1Ersa5VQXry/y1+zJFUys= ddixon@ansible.home.dixonnet.org"
                    ],
                    "password": "Leave@5--"
                  }
                ]
              }
            ],
            "ipv4": {
              "eth0": "192.168.10.50"
            },
            "ipv6": {},
            "memory": [
              {
                "dedicated": 4096,
                "swap": 0
              }
            ],
            "mount_point": [],
            "network_interface": [
              {
                "bridge": "vmbr0",
                "enabled": true,
                "firewall": false,
                "mac_address": "BC:24:11:48:32:85",
                "mtu": 0,
                "name": "eth0",
                "rate_limit": 0,
                "vlan_id": 0
              }
            ],
            "node_name": "nuc2",
            "operating_system": [
              {
                "template_file_id": "local:vztmpl/rockylinux-10-default_20251001_amd64.tar.xz",
                "type": "centos"
              }
            ],
            "pool_id": null,
            "protection": false,
            "start_on_boot": true,
            "started": true,
            "startup": [],
            "tags": null,
            "template": false,
            "timeout_clone": 1800,
            "timeout_create": 1800,
            "timeout_delete": 60,
            "timeout_start": 300,
            "timeout_update": 1800,
            "unprivileged": true,
            "vm_id": 10050,
            "wait_for_ip": []
          },
          "sensitive_attributes": [
            [
              {
                "type": "get_attr",
                "value": "initialization"
              },
              {
                "type": "index",
                "value": {
                  "value": 0,
                  "type": "number"
                }
              },
              {
                "type": "get_attr",
                "value": "user_account"
              },
              {
                "type": "index",
                "value": {
                  "value": 0,
                  "type": "number"
                }
              },
              {
                "type": "get_attr",
                "value": "password"
              }
            ]
          ],
          "identity_schema_version": 0,
          "private": "bnVsbA=="
        }
      ]
    }
  ],
  "check_results": null
}
